github.com/emirpasic/gods v1.12.0 h1:QAUIPSaCu4G+POclxeqb3F+WPpdKqFGlw36+yOzGlrg=
github.com/emirpasic/gods v1.12.0/go.mod h1:YfzfFFoVP/catgzJb4IKIqXjX78Ha8FMSDh3ymbK86o=
github.com/gammazero/deque v0.0.0-20201010052221-3932da5530cc h1:F7BbnLACph7UYiz9ZHi6npcROwKaZUyviDjsNERsoMM=
github.com/gammazero/deque v0.0.0-20201010052221-3932da5530cc/go.mod h1:IlBLfYXnuw9sspy1XS6ctu5exGb6WHGKQsyo4s7bOEA=
github.com/spaolacci/murmur3 v1.1.0 h1:7c1g84S4BPRrfL5Xrdp6fOJ206sU9y293DDHaoy0bLI=
github.com/spaolacci/murmur3 v1.1.0/go.mod h1:JwIasOWyU6f++ZhiEuf87xNszmSA2myDM2Kzu9HwQUA=
